// !$*UTF8*$!
{
	archiveVersion = 1;
	classes = {
	};
	objectVersion = 46;
	objects = {

/* Begin PBXBuildFile section */
		B94330F01E70C579008EF137 /* UserPools.storyboard in Resources */ = {isa = PBXBuildFile; fileRef = B94330EF1E70C579008EF137 /* UserPools.storyboard */; };
		B94330F21E70CE16008EF137 /* UserPoolsSignUpViewController.swift in Sources */ = {isa = PBXBuildFile; fileRef = B94330F11E70CE16008EF137 /* UserPoolsSignUpViewController.swift */; };
		B96816841E6FA5290010FE0F /* LaunchScreen.storyboard in Resources */ = {isa = PBXBuildFile; fileRef = B96816831E6FA5290010FE0F /* LaunchScreen.storyboard */; };
		B96816871E6FAC9E0010FE0F /* SignInViewControllerExtension.swift in Sources */ = {isa = PBXBuildFile; fileRef = B96816861E6FAC9E0010FE0F /* SignInViewControllerExtension.swift */; };
		B9E3AE211E6E455100943A08 /* AppDelegate.swift in Sources */ = {isa = PBXBuildFile; fileRef = B9E3AE201E6E455100943A08 /* AppDelegate.swift */; };
		B9E3AE231E6E455100943A08 /* InitialViewController.swift in Sources */ = {isa = PBXBuildFile; fileRef = B9E3AE221E6E455100943A08 /* InitialViewController.swift */; };
		B9E3AE281E6E455100943A08 /* Assets.xcassets in Resources */ = {isa = PBXBuildFile; fileRef = B9E3AE271E6E455100943A08 /* Assets.xcassets */; };
		B9E3AE361E6E455100943A08 /* AddysFitnessAppTests.swift in Sources */ = {isa = PBXBuildFile; fileRef = B9E3AE351E6E455100943A08 /* AddysFitnessAppTests.swift */; };
		B9E3AE411E6E455100943A08 /* AddysFitnessAppUITests.swift in Sources */ = {isa = PBXBuildFile; fileRef = B9E3AE401E6E455100943A08 /* AddysFitnessAppUITests.swift */; };
		B9FB4FA11E6E5F2F006095DF /* AWSCognitoIdentityProvider.framework in Frameworks */ = {isa = PBXBuildFile; fileRef = B9FB4F981E6E5F2F006095DF /* AWSCognitoIdentityProvider.framework */; };
		B9FB4FA21E6E5F2F006095DF /* AWSCore.framework in Frameworks */ = {isa = PBXBuildFile; fileRef = B9FB4F991E6E5F2F006095DF /* AWSCore.framework */; };
		B9FB4FA31E6E5F2F006095DF /* AWSDynamoDB.framework in Frameworks */ = {isa = PBXBuildFile; fileRef = B9FB4F9A1E6E5F2F006095DF /* AWSDynamoDB.framework */; };
		B9FB4FA41E6E5F2F006095DF /* AWSS3.framework in Frameworks */ = {isa = PBXBuildFile; fileRef = B9FB4F9B1E6E5F2F006095DF /* AWSS3.framework */; };
		B9FB4FA51E6E5F2F006095DF /* Amazon_Software_License.txt in Resources */ = {isa = PBXBuildFile; fileRef = B9FB4F9D1E6E5F2F006095DF /* Amazon_Software_License.txt */; };
		B9FB4FA61E6E5F2F006095DF /* AWSCognito.framework in Frameworks */ = {isa = PBXBuildFile; fileRef = B9FB4F9E1E6E5F2F006095DF /* AWSCognito.framework */; };
		B9FB4FA71E6E5F2F006095DF /* NOTICE in Resources */ = {isa = PBXBuildFile; fileRef = B9FB4F9F1E6E5F2F006095DF /* NOTICE */; };
		B9FB4FA81E6E5F2F006095DF /* CheckXcodeVersion.sh in Resources */ = {isa = PBXBuildFile; fileRef = B9FB4FA01E6E5F2F006095DF /* CheckXcodeVersion.sh */; };
		B9FB4FA91E6E5F38006095DF /* AWSCognitoIdentityProvider.framework in Frameworks */ = {isa = PBXBuildFile; fileRef = B9FB4F981E6E5F2F006095DF /* AWSCognitoIdentityProvider.framework */; };
		B9FB4FAA1E6E5F38006095DF /* AWSCognitoIdentityProvider.framework in Embed Frameworks */ = {isa = PBXBuildFile; fileRef = B9FB4F981E6E5F2F006095DF /* AWSCognitoIdentityProvider.framework */; settings = {ATTRIBUTES = (CodeSignOnCopy, RemoveHeadersOnCopy, ); }; };
		B9FB4FAB1E6E5F38006095DF /* AWSCore.framework in Frameworks */ = {isa = PBXBuildFile; fileRef = B9FB4F991E6E5F2F006095DF /* AWSCore.framework */; };
		B9FB4FAC1E6E5F38006095DF /* AWSCore.framework in Embed Frameworks */ = {isa = PBXBuildFile; fileRef = B9FB4F991E6E5F2F006095DF /* AWSCore.framework */; settings = {ATTRIBUTES = (CodeSignOnCopy, RemoveHeadersOnCopy, ); }; };
		B9FB4FAD1E6E5F38006095DF /* AWSDynamoDB.framework in Frameworks */ = {isa = PBXBuildFile; fileRef = B9FB4F9A1E6E5F2F006095DF /* AWSDynamoDB.framework */; };
		B9FB4FAE1E6E5F38006095DF /* AWSDynamoDB.framework in Embed Frameworks */ = {isa = PBXBuildFile; fileRef = B9FB4F9A1E6E5F2F006095DF /* AWSDynamoDB.framework */; settings = {ATTRIBUTES = (CodeSignOnCopy, RemoveHeadersOnCopy, ); }; };
		B9FB4FAF1E6E5F38006095DF /* AWSS3.framework in Frameworks */ = {isa = PBXBuildFile; fileRef = B9FB4F9B1E6E5F2F006095DF /* AWSS3.framework */; };
		B9FB4FB01E6E5F38006095DF /* AWSS3.framework in Embed Frameworks */ = {isa = PBXBuildFile; fileRef = B9FB4F9B1E6E5F2F006095DF /* AWSS3.framework */; settings = {ATTRIBUTES = (CodeSignOnCopy, RemoveHeadersOnCopy, ); }; };
		B9FB4FB11E6E5F38006095DF /* AWSCognito.framework in Frameworks */ = {isa = PBXBuildFile; fileRef = B9FB4F9E1E6E5F2F006095DF /* AWSCognito.framework */; };
		B9FB4FB21E6E5F38006095DF /* AWSCognito.framework in Embed Frameworks */ = {isa = PBXBuildFile; fileRef = B9FB4F9E1E6E5F2F006095DF /* AWSCognito.framework */; settings = {ATTRIBUTES = (CodeSignOnCopy, RemoveHeadersOnCopy, ); }; };
		B9FB4FBE1E6E5F71006095DF /* AWSConfiguration.swift in Sources */ = {isa = PBXBuildFile; fileRef = B9FB4FB61E6E5F71006095DF /* AWSConfiguration.swift */; };
		B9FB4FBF1E6E5F71006095DF /* AWSMobileClient.swift in Sources */ = {isa = PBXBuildFile; fileRef = B9FB4FB71E6E5F71006095DF /* AWSMobileClient.swift */; };
		B9FB4FC01E6E5F71006095DF /* AWSMobileHubHelper.framework in Frameworks */ = {isa = PBXBuildFile; fileRef = B9FB4FB81E6E5F71006095DF /* AWSMobileHubHelper.framework */; };
		B9FB4FC11E6E5F71006095DF /* Consumable.swift in Sources */ = {isa = PBXBuildFile; fileRef = B9FB4FBB1E6E5F71006095DF /* Consumable.swift */; };
		B9FB4FC21E6E5F71006095DF /* UserAccess.swift in Sources */ = {isa = PBXBuildFile; fileRef = B9FB4FBC1E6E5F71006095DF /* UserAccess.swift */; };
		B9FB4FC31E6E5F71006095DF /* Workouts.swift in Sources */ = {isa = PBXBuildFile; fileRef = B9FB4FBD1E6E5F71006095DF /* Workouts.swift */; };
		B9FB4FC61E6E5FA1006095DF /* libsqlite3.tbd in Frameworks */ = {isa = PBXBuildFile; fileRef = B9FB4FC51E6E5FA1006095DF /* libsqlite3.tbd */; };
		B9FB4FC81E6E5FA7006095DF /* libz.tbd in Frameworks */ = {isa = PBXBuildFile; fileRef = B9FB4FC71E6E5FA7006095DF /* libz.tbd */; };
		B9FB4FCB1E6E60D1006095DF /* SignIn.storyboard in Resources */ = {isa = PBXBuildFile; fileRef = B9FB4FCA1E6E60D1006095DF /* SignIn.storyboard */; };
		B9FB4FCD1E6E613E006095DF /* SignInViewController.swift in Sources */ = {isa = PBXBuildFile; fileRef = B9FB4FCC1E6E613E006095DF /* SignInViewController.swift */; };
		B9FB4FCF1E6F9BB1006095DF /* Initial.storyboard in Resources */ = {isa = PBXBuildFile; fileRef = B9FB4FCE1E6F9BB1006095DF /* Initial.storyboard */; };
/* End PBXBuildFile section */

/* Begin PBXContainerItemProxy section */
		B9E3AE321E6E455100943A08 /* PBXContainerItemProxy */ = {
			isa = PBXContainerItemProxy;
			containerPortal = B9E3AE151E6E455000943A08 /* Project object */;
			proxyType = 1;
			remoteGlobalIDString = B9E3AE1C1E6E455100943A08;
			remoteInfo = AddysFitnessApp;
		};
		B9E3AE3D1E6E455100943A08 /* PBXContainerItemProxy */ = {
			isa = PBXContainerItemProxy;
			containerPortal = B9E3AE151E6E455000943A08 /* Project object */;
			proxyType = 1;
			remoteGlobalIDString = B9E3AE1C1E6E455100943A08;
			remoteInfo = AddysFitnessApp;
		};
/* End PBXContainerItemProxy section */

/* Begin PBXCopyFilesBuildPhase section */
		B9FB4FB31E6E5F38006095DF /* Embed Frameworks */ = {
			isa = PBXCopyFilesBuildPhase;
			buildActionMask = 2147483647;
			dstPath = "";
			dstSubfolderSpec = 10;
			files = (
				B9FB4FB01E6E5F38006095DF /* AWSS3.framework in Embed Frameworks */,
				B9FB4FAA1E6E5F38006095DF /* AWSCognitoIdentityProvider.framework in Embed Frameworks */,
				B9FB4FAE1E6E5F38006095DF /* AWSDynamoDB.framework in Embed Frameworks */,
				B9FB4FAC1E6E5F38006095DF /* AWSCore.framework in Embed Frameworks */,
				B9FB4FB21E6E5F38006095DF /* AWSCognito.framework in Embed Frameworks */,
			);
			name = "Embed Frameworks";
			runOnlyForDeploymentPostprocessing = 0;
		};
/* End PBXCopyFilesBuildPhase section */

/* Begin PBXFileReference section */
		B94330EF1E70C579008EF137 /* UserPools.storyboard */ = {isa = PBXFileReference; fileEncoding = 4; lastKnownFileType = file.storyboard; path = UserPools.storyboard; sourceTree = "<group>"; };
		B94330F11E70CE16008EF137 /* UserPoolsSignUpViewController.swift */ = {isa = PBXFileReference; fileEncoding = 4; lastKnownFileType = sourcecode.swift; path = UserPoolsSignUpViewController.swift; sourceTree = "<group>"; };
		B96816831E6FA5290010FE0F /* LaunchScreen.storyboard */ = {isa = PBXFileReference; fileEncoding = 4; lastKnownFileType = file.storyboard; name = LaunchScreen.storyboard; path = AddysFitnessApp/LaunchScreen.storyboard; sourceTree = SOURCE_ROOT; };
		B96816861E6FAC9E0010FE0F /* SignInViewControllerExtension.swift */ = {isa = PBXFileReference; fileEncoding = 4; lastKnownFileType = sourcecode.swift; name = SignInViewControllerExtension.swift; path = AddysFitnessApp/SignInViewControllerExtension.swift; sourceTree = SOURCE_ROOT; };
		B9E3AE1D1E6E455100943A08 /* AddysFitnessApp.app */ = {isa = PBXFileReference; explicitFileType = wrapper.application; includeInIndex = 0; path = AddysFitnessApp.app; sourceTree = BUILT_PRODUCTS_DIR; };
		B9E3AE201E6E455100943A08 /* AppDelegate.swift */ = {isa = PBXFileReference; lastKnownFileType = sourcecode.swift; path = AppDelegate.swift; sourceTree = "<group>"; };
		B9E3AE221E6E455100943A08 /* InitialViewController.swift */ = {isa = PBXFileReference; lastKnownFileType = sourcecode.swift; name = InitialViewController.swift; path = AddysFitnessApp/InitialViewController.swift; sourceTree = SOURCE_ROOT; };
		B9E3AE271E6E455100943A08 /* Assets.xcassets */ = {isa = PBXFileReference; lastKnownFileType = folder.assetcatalog; path = Assets.xcassets; sourceTree = "<group>"; };
		B9E3AE2C1E6E455100943A08 /* Info.plist */ = {isa = PBXFileReference; lastKnownFileType = text.plist.xml; path = Info.plist; sourceTree = "<group>"; };
		B9E3AE311E6E455100943A08 /* AddysFitnessAppTests.xctest */ = {isa = PBXFileReference; explicitFileType = wrapper.cfbundle; includeInIndex = 0; path = AddysFitnessAppTests.xctest; sourceTree = BUILT_PRODUCTS_DIR; };
		B9E3AE351E6E455100943A08 /* AddysFitnessAppTests.swift */ = {isa = PBXFileReference; lastKnownFileType = sourcecode.swift; path = AddysFitnessAppTests.swift; sourceTree = "<group>"; };
		B9E3AE371E6E455100943A08 /* Info.plist */ = {isa = PBXFileReference; lastKnownFileType = text.plist.xml; path = Info.plist; sourceTree = "<group>"; };
		B9E3AE3C1E6E455100943A08 /* AddysFitnessAppUITests.xctest */ = {isa = PBXFileReference; explicitFileType = wrapper.cfbundle; includeInIndex = 0; path = AddysFitnessAppUITests.xctest; sourceTree = BUILT_PRODUCTS_DIR; };
		B9E3AE401E6E455100943A08 /* AddysFitnessAppUITests.swift */ = {isa = PBXFileReference; lastKnownFileType = sourcecode.swift; path = AddysFitnessAppUITests.swift; sourceTree = "<group>"; };
		B9E3AE421E6E455100943A08 /* Info.plist */ = {isa = PBXFileReference; lastKnownFileType = text.plist.xml; path = Info.plist; sourceTree = "<group>"; };
		B9FB4F981E6E5F2F006095DF /* AWSCognitoIdentityProvider.framework */ = {isa = PBXFileReference; lastKnownFileType = wrapper.framework; path = AWSCognitoIdentityProvider.framework; sourceTree = "<group>"; };
		B9FB4F991E6E5F2F006095DF /* AWSCore.framework */ = {isa = PBXFileReference; lastKnownFileType = wrapper.framework; path = AWSCore.framework; sourceTree = "<group>"; };
		B9FB4F9A1E6E5F2F006095DF /* AWSDynamoDB.framework */ = {isa = PBXFileReference; lastKnownFileType = wrapper.framework; path = AWSDynamoDB.framework; sourceTree = "<group>"; };
		B9FB4F9B1E6E5F2F006095DF /* AWSS3.framework */ = {isa = PBXFileReference; lastKnownFileType = wrapper.framework; path = AWSS3.framework; sourceTree = "<group>"; };
		B9FB4F9D1E6E5F2F006095DF /* Amazon_Software_License.txt */ = {isa = PBXFileReference; fileEncoding = 4; lastKnownFileType = text; path = Amazon_Software_License.txt; sourceTree = "<group>"; };
		B9FB4F9E1E6E5F2F006095DF /* AWSCognito.framework */ = {isa = PBXFileReference; lastKnownFileType = wrapper.framework; path = AWSCognito.framework; sourceTree = "<group>"; };
		B9FB4F9F1E6E5F2F006095DF /* NOTICE */ = {isa = PBXFileReference; fileEncoding = 4; lastKnownFileType = text; path = NOTICE; sourceTree = "<group>"; };
		B9FB4FA01E6E5F2F006095DF /* CheckXcodeVersion.sh */ = {isa = PBXFileReference; fileEncoding = 4; lastKnownFileType = text.script.sh; path = CheckXcodeVersion.sh; sourceTree = "<group>"; };
		B9FB4FB61E6E5F71006095DF /* AWSConfiguration.swift */ = {isa = PBXFileReference; fileEncoding = 4; lastKnownFileType = sourcecode.swift; path = AWSConfiguration.swift; sourceTree = "<group>"; };
		B9FB4FB71E6E5F71006095DF /* AWSMobileClient.swift */ = {isa = PBXFileReference; fileEncoding = 4; lastKnownFileType = sourcecode.swift; path = AWSMobileClient.swift; sourceTree = "<group>"; };
		B9FB4FB81E6E5F71006095DF /* AWSMobileHubHelper.framework */ = {isa = PBXFileReference; lastKnownFileType = wrapper.framework; path = AWSMobileHubHelper.framework; sourceTree = "<group>"; };
		B9FB4FBB1E6E5F71006095DF /* Consumable.swift */ = {isa = PBXFileReference; fileEncoding = 4; lastKnownFileType = sourcecode.swift; path = Consumable.swift; sourceTree = "<group>"; };
		B9FB4FBC1E6E5F71006095DF /* UserAccess.swift */ = {isa = PBXFileReference; fileEncoding = 4; lastKnownFileType = sourcecode.swift; path = UserAccess.swift; sourceTree = "<group>"; };
		B9FB4FBD1E6E5F71006095DF /* Workouts.swift */ = {isa = PBXFileReference; fileEncoding = 4; lastKnownFileType = sourcecode.swift; path = Workouts.swift; sourceTree = "<group>"; };
		B9FB4FC51E6E5FA1006095DF /* libsqlite3.tbd */ = {isa = PBXFileReference; lastKnownFileType = "sourcecode.text-based-dylib-definition"; name = libsqlite3.tbd; path = usr/lib/libsqlite3.tbd; sourceTree = SDKROOT; };
		B9FB4FC71E6E5FA7006095DF /* libz.tbd */ = {isa = PBXFileReference; lastKnownFileType = "sourcecode.text-based-dylib-definition"; name = libz.tbd; path = usr/lib/libz.tbd; sourceTree = SDKROOT; };
		B9FB4FCA1E6E60D1006095DF /* SignIn.storyboard */ = {isa = PBXFileReference; fileEncoding = 4; lastKnownFileType = file.storyboard; name = SignIn.storyboard; path = AddysFitnessApp/SignIn.storyboard; sourceTree = SOURCE_ROOT; };
		B9FB4FCC1E6E613E006095DF /* SignInViewController.swift */ = {isa = PBXFileReference; fileEncoding = 4; lastKnownFileType = sourcecode.swift; name = SignInViewController.swift; path = AddysFitnessApp/SignInViewController.swift; sourceTree = SOURCE_ROOT; };
		B9FB4FCE1E6F9BB1006095DF /* Initial.storyboard */ = {isa = PBXFileReference; fileEncoding = 4; lastKnownFileType = file.storyboard; name = Initial.storyboard; path = AddysFitnessApp/Initial.storyboard; sourceTree = SOURCE_ROOT; };
/* End PBXFileReference section */

/* Begin PBXFrameworksBuildPhase section */
		B9E3AE1A1E6E455100943A08 /* Frameworks */ = {
			isa = PBXFrameworksBuildPhase;
			buildActionMask = 2147483647;
			files = (
				B9FB4FC81E6E5FA7006095DF /* libz.tbd in Frameworks */,
				B9FB4FC61E6E5FA1006095DF /* libsqlite3.tbd in Frameworks */,
				B9FB4FA41E6E5F2F006095DF /* AWSS3.framework in Frameworks */,
				B9FB4FAB1E6E5F38006095DF /* AWSCore.framework in Frameworks */,
				B9FB4FAF1E6E5F38006095DF /* AWSS3.framework in Frameworks */,
				B9FB4FAD1E6E5F38006095DF /* AWSDynamoDB.framework in Frameworks */,
				B9FB4FB11E6E5F38006095DF /* AWSCognito.framework in Frameworks */,
				B9FB4FA91E6E5F38006095DF /* AWSCognitoIdentityProvider.framework in Frameworks */,
				B9FB4FA11E6E5F2F006095DF /* AWSCognitoIdentityProvider.framework in Frameworks */,
				B9FB4FA31E6E5F2F006095DF /* AWSDynamoDB.framework in Frameworks */,
				B9FB4FC01E6E5F71006095DF /* AWSMobileHubHelper.framework in Frameworks */,
				B9FB4FA21E6E5F2F006095DF /* AWSCore.framework in Frameworks */,
				B9FB4FA61E6E5F2F006095DF /* AWSCognito.framework in Frameworks */,
			);
			runOnlyForDeploymentPostprocessing = 0;
		};
		B9E3AE2E1E6E455100943A08 /* Frameworks */ = {
			isa = PBXFrameworksBuildPhase;
			buildActionMask = 2147483647;
			files = (
			);
			runOnlyForDeploymentPostprocessing = 0;
		};
		B9E3AE391E6E455100943A08 /* Frameworks */ = {
			isa = PBXFrameworksBuildPhase;
			buildActionMask = 2147483647;
			files = (
			);
			runOnlyForDeploymentPostprocessing = 0;
		};
/* End PBXFrameworksBuildPhase section */

/* Begin PBXGroup section */
		B96816851E6FAC6D0010FE0F /* UserPools */ = {
			isa = PBXGroup;
			children = (
				B96816861E6FAC9E0010FE0F /* SignInViewControllerExtension.swift */,
				B94330EF1E70C579008EF137 /* UserPools.storyboard */,
				B94330F11E70CE16008EF137 /* UserPoolsSignUpViewController.swift */,
			);
			name = UserPools;
			sourceTree = "<group>";
		};
		B9E3AE141E6E455000943A08 = {
			isa = PBXGroup;
			children = (
				B9E3AE1F1E6E455100943A08 /* AddysFitnessApp */,
				B9E3AE341E6E455100943A08 /* AddysFitnessAppTests */,
				B9E3AE3F1E6E455100943A08 /* AddysFitnessAppUITests */,
				B9E3AE1E1E6E455100943A08 /* Products */,
				B9FB4FC41E6E5FA1006095DF /* Frameworks */,
			);
			sourceTree = "<group>";
		};
		B9E3AE1E1E6E455100943A08 /* Products */ = {
			isa = PBXGroup;
			children = (
				B9E3AE1D1E6E455100943A08 /* AddysFitnessApp.app */,
				B9E3AE311E6E455100943A08 /* AddysFitnessAppTests.xctest */,
				B9E3AE3C1E6E455100943A08 /* AddysFitnessAppUITests.xctest */,
			);
			name = Products;
			sourceTree = "<group>";
		};
		B9E3AE1F1E6E455100943A08 /* AddysFitnessApp */ = {
			isa = PBXGroup;
			children = (
				B9FB4FB51E6E5F71006095DF /* AmazonAws */,
				B9FB4F961E6E5F2F006095DF /* Sdk */,
				B9E3AE201E6E455100943A08 /* AppDelegate.swift */,
				B9E3AE221E6E455100943A08 /* InitialViewController.swift */,
				B9FB4FCE1E6F9BB1006095DF /* Initial.storyboard */,
				B9FB4FC91E6E60A1006095DF /* SignIn */,
				B9E3AE271E6E455100943A08 /* Assets.xcassets */,
				B9E3AE2C1E6E455100943A08 /* Info.plist */,
				B96816831E6FA5290010FE0F /* LaunchScreen.storyboard */,
			);
			path = AddysFitnessApp;
			sourceTree = SOURCE_ROOT;
		};
		B9E3AE341E6E455100943A08 /* AddysFitnessAppTests */ = {
			isa = PBXGroup;
			children = (
				B9E3AE351E6E455100943A08 /* AddysFitnessAppTests.swift */,
				B9E3AE371E6E455100943A08 /* Info.plist */,
			);
			path = AddysFitnessAppTests;
			sourceTree = "<group>";
		};
		B9E3AE3F1E6E455100943A08 /* AddysFitnessAppUITests */ = {
			isa = PBXGroup;
			children = (
				B9E3AE401E6E455100943A08 /* AddysFitnessAppUITests.swift */,
				B9E3AE421E6E455100943A08 /* Info.plist */,
			);
			path = AddysFitnessAppUITests;
			sourceTree = "<group>";
		};
		B9FB4F961E6E5F2F006095DF /* Sdk */ = {
			isa = PBXGroup;
			children = (
				B9FB4F971E6E5F2F006095DF /* Aws */,
				B9FB4FA01E6E5F2F006095DF /* CheckXcodeVersion.sh */,
			);
			path = Sdk;
			sourceTree = "<group>";
		};
		B9FB4F971E6E5F2F006095DF /* Aws */ = {
			isa = PBXGroup;
			children = (
				B9FB4F981E6E5F2F006095DF /* AWSCognitoIdentityProvider.framework */,
				B9FB4F991E6E5F2F006095DF /* AWSCore.framework */,
				B9FB4F9A1E6E5F2F006095DF /* AWSDynamoDB.framework */,
				B9FB4F9B1E6E5F2F006095DF /* AWSS3.framework */,
				B9FB4F9C1E6E5F2F006095DF /* extras */,
			);
			path = Aws;
			sourceTree = "<group>";
		};
		B9FB4F9C1E6E5F2F006095DF /* extras */ = {
			isa = PBXGroup;
			children = (
				B9FB4F9D1E6E5F2F006095DF /* Amazon_Software_License.txt */,
				B9FB4F9E1E6E5F2F006095DF /* AWSCognito.framework */,
				B9FB4F9F1E6E5F2F006095DF /* NOTICE */,
			);
			path = extras;
			sourceTree = "<group>";
		};
		B9FB4FB51E6E5F71006095DF /* AmazonAws */ = {
			isa = PBXGroup;
			children = (
				B9FB4FB61E6E5F71006095DF /* AWSConfiguration.swift */,
				B9FB4FB71E6E5F71006095DF /* AWSMobileClient.swift */,
				B9FB4FB81E6E5F71006095DF /* AWSMobileHubHelper.framework */,
				B9FB4FB91E6E5F71006095DF /* Models */,
			);
			path = AmazonAws;
			sourceTree = "<group>";
		};
		B9FB4FB91E6E5F71006095DF /* Models */ = {
			isa = PBXGroup;
			children = (
				B9FB4FBA1E6E5F71006095DF /* NoSQL */,
			);
			path = Models;
			sourceTree = "<group>";
		};
		B9FB4FBA1E6E5F71006095DF /* NoSQL */ = {
			isa = PBXGroup;
			children = (
				B9FB4FBB1E6E5F71006095DF /* Consumable.swift */,
				B9FB4FBC1E6E5F71006095DF /* UserAccess.swift */,
				B9FB4FBD1E6E5F71006095DF /* Workouts.swift */,
			);
			path = NoSQL;
			sourceTree = "<group>";
		};
		B9FB4FC41E6E5FA1006095DF /* Frameworks */ = {
			isa = PBXGroup;
			children = (
				B9FB4FC71E6E5FA7006095DF /* libz.tbd */,
				B9FB4FC51E6E5FA1006095DF /* libsqlite3.tbd */,
			);
			name = Frameworks;
			sourceTree = "<group>";
		};
		B9FB4FC91E6E60A1006095DF /* SignIn */ = {
			isa = PBXGroup;
			children = (
				B96816851E6FAC6D0010FE0F /* UserPools */,
				B9FB4FCA1E6E60D1006095DF /* SignIn.storyboard */,
				B9FB4FCC1E6E613E006095DF /* SignInViewController.swift */,
			);
			name = SignIn;
			sourceTree = "<group>";
		};
/* End PBXGroup section */

/* Begin PBXNativeTarget section */
		B9E3AE1C1E6E455100943A08 /* AddysFitnessApp */ = {
			isa = PBXNativeTarget;
			buildConfigurationList = B9E3AE451E6E455100943A08 /* Build configuration list for PBXNativeTarget "AddysFitnessApp" */;
			buildPhases = (
				B9E3AE191E6E455100943A08 /* Sources */,
				B9E3AE1A1E6E455100943A08 /* Frameworks */,
				B9E3AE1B1E6E455100943A08 /* Resources */,
				B9FB4FB31E6E5F38006095DF /* Embed Frameworks */,
				B9FB4FB41E6E5F4D006095DF /* ShellScript */,
			);
			buildRules = (
			);
			dependencies = (
			);
			name = AddysFitnessApp;
			productName = AddysFitnessApp;
			productReference = B9E3AE1D1E6E455100943A08 /* AddysFitnessApp.app */;
			productType = "com.apple.product-type.application";
		};
		B9E3AE301E6E455100943A08 /* AddysFitnessAppTests */ = {
			isa = PBXNativeTarget;
			buildConfigurationList = B9E3AE481E6E455100943A08 /* Build configuration list for PBXNativeTarget "AddysFitnessAppTests" */;
			buildPhases = (
				B9E3AE2D1E6E455100943A08 /* Sources */,
				B9E3AE2E1E6E455100943A08 /* Frameworks */,
				B9E3AE2F1E6E455100943A08 /* Resources */,
			);
			buildRules = (
			);
			dependencies = (
				B9E3AE331E6E455100943A08 /* PBXTargetDependency */,
			);
			name = AddysFitnessAppTests;
			productName = AddysFitnessAppTests;
			productReference = B9E3AE311E6E455100943A08 /* AddysFitnessAppTests.xctest */;
			productType = "com.apple.product-type.bundle.unit-test";
		};
		B9E3AE3B1E6E455100943A08 /* AddysFitnessAppUITests */ = {
			isa = PBXNativeTarget;
			buildConfigurationList = B9E3AE4B1E6E455100943A08 /* Build configuration list for PBXNativeTarget "AddysFitnessAppUITests" */;
			buildPhases = (
				B9E3AE381E6E455100943A08 /* Sources */,
				B9E3AE391E6E455100943A08 /* Frameworks */,
				B9E3AE3A1E6E455100943A08 /* Resources */,
			);
			buildRules = (
			);
			dependencies = (
				B9E3AE3E1E6E455100943A08 /* PBXTargetDependency */,
			);
			name = AddysFitnessAppUITests;
			productName = AddysFitnessAppUITests;
			productReference = B9E3AE3C1E6E455100943A08 /* AddysFitnessAppUITests.xctest */;
			productType = "com.apple.product-type.bundle.ui-testing";
		};
/* End PBXNativeTarget section */

/* Begin PBXProject section */
		B9E3AE151E6E455000943A08 /* Project object */ = {
			isa = PBXProject;
			attributes = {
				LastSwiftUpdateCheck = 0820;
				LastUpgradeCheck = 0820;
				ORGANIZATIONNAME = "Tharia LLC";
				TargetAttributes = {
					B9E3AE1C1E6E455100943A08 = {
						CreatedOnToolsVersion = 8.2.1;
						ProvisioningStyle = Automatic;
					};
					B9E3AE301E6E455100943A08 = {
						CreatedOnToolsVersion = 8.2.1;
						ProvisioningStyle = Automatic;
						TestTargetID = B9E3AE1C1E6E455100943A08;
					};
					B9E3AE3B1E6E455100943A08 = {
						CreatedOnToolsVersion = 8.2.1;
						ProvisioningStyle = Automatic;
						TestTargetID = B9E3AE1C1E6E455100943A08;
					};
				};
			};
			buildConfigurationList = B9E3AE181E6E455000943A08 /* Build configuration list for PBXProject "AddysFitnessApp" */;
			compatibilityVersion = "Xcode 3.2";
			developmentRegion = English;
			hasScannedForEncodings = 0;
			knownRegions = (
				en,
				Base,
			);
			mainGroup = B9E3AE141E6E455000943A08;
			productRefGroup = B9E3AE1E1E6E455100943A08 /* Products */;
			projectDirPath = "";
			projectRoot = "";
			targets = (
				B9E3AE1C1E6E455100943A08 /* AddysFitnessApp */,
				B9E3AE301E6E455100943A08 /* AddysFitnessAppTests */,
				B9E3AE3B1E6E455100943A08 /* AddysFitnessAppUITests */,
			);
		};
/* End PBXProject section */

/* Begin PBXResourcesBuildPhase section */
		B9E3AE1B1E6E455100943A08 /* Resources */ = {
			isa = PBXResourcesBuildPhase;
			buildActionMask = 2147483647;
			files = (
				B9FB4FA71E6E5F2F006095DF /* NOTICE in Resources */,
				B9E3AE281E6E455100943A08 /* Assets.xcassets in Resources */,
				B9FB4FCF1E6F9BB1006095DF /* Initial.storyboard in Resources */,
				B9FB4FA81E6E5F2F006095DF /* CheckXcodeVersion.sh in Resources */,
				B96816841E6FA5290010FE0F /* LaunchScreen.storyboard in Resources */,
				B9FB4FCB1E6E60D1006095DF /* SignIn.storyboard in Resources */,
				B9FB4FA51E6E5F2F006095DF /* Amazon_Software_License.txt in Resources */,
				B94330F01E70C579008EF137 /* UserPools.storyboard in Resources */,
			);
			runOnlyForDeploymentPostprocessing = 0;
		};
		B9E3AE2F1E6E455100943A08 /* Resources */ = {
			isa = PBXResourcesBuildPhase;
			buildActionMask = 2147483647;
			files = (
			);
			runOnlyForDeploymentPostprocessing = 0;
		};
		B9E3AE3A1E6E455100943A08 /* Resources */ = {
			isa = PBXResourcesBuildPhase;
			buildActionMask = 2147483647;
			files = (
			);
			runOnlyForDeploymentPostprocessing = 0;
		};
/* End PBXResourcesBuildPhase section */

/* Begin PBXShellScriptBuildPhase section */
		B9FB4FB41E6E5F4D006095DF /* ShellScript */ = {
			isa = PBXShellScriptBuildPhase;
			buildActionMask = 2147483647;
			files = (
			);
			inputPaths = (
			);
			outputPaths = (
			);
			runOnlyForDeploymentPostprocessing = 0;
			shellPath = /bin/sh;
			shellScript = "bash \"${BUILT_PRODUCTS_DIR}/${FRAMEWORKS_FOLDER_PATH}/AWSCore.framework/strip-frameworks.sh\"";
		};
/* End PBXShellScriptBuildPhase section */

/* Begin PBXSourcesBuildPhase section */
		B9E3AE191E6E455100943A08 /* Sources */ = {
			isa = PBXSourcesBuildPhase;
			buildActionMask = 2147483647;
			files = (
				B9E3AE231E6E455100943A08 /* InitialViewController.swift in Sources */,
				B94330F21E70CE16008EF137 /* UserPoolsSignUpViewController.swift in Sources */,
				B9FB4FBE1E6E5F71006095DF /* AWSConfiguration.swift in Sources */,
				B9FB4FC21E6E5F71006095DF /* UserAccess.swift in Sources */,
				B9FB4FBF1E6E5F71006095DF /* AWSMobileClient.swift in Sources */,
				B9FB4FCD1E6E613E006095DF /* SignInViewController.swift in Sources */,
				B9E3AE211E6E455100943A08 /* AppDelegate.swift in Sources */,
				B9FB4FC11E6E5F71006095DF /* Consumable.swift in Sources */,
				B96816871E6FAC9E0010FE0F /* SignInViewControllerExtension.swift in Sources */,
				B9FB4FC31E6E5F71006095DF /* Workouts.swift in Sources */,
			);
			runOnlyForDeploymentPostprocessing = 0;
		};
		B9E3AE2D1E6E455100943A08 /* Sources */ = {
			isa = PBXSourcesBuildPhase;
			buildActionMask = 2147483647;
			files = (
				B9E3AE361E6E455100943A08 /* AddysFitnessAppTests.swift in Sources */,
			);
			runOnlyForDeploymentPostprocessing = 0;
		};
		B9E3AE381E6E455100943A08 /* Sources */ = {
			isa = PBXSourcesBuildPhase;
			buildActionMask = 2147483647;
			files = (
				B9E3AE411E6E455100943A08 /* AddysFitnessAppUITests.swift in Sources */,
			);
			runOnlyForDeploymentPostprocessing = 0;
		};
/* End PBXSourcesBuildPhase section */

/* Begin PBXTargetDependency section */
		B9E3AE331E6E455100943A08 /* PBXTargetDependency */ = {
			isa = PBXTargetDependency;
			target = B9E3AE1C1E6E455100943A08 /* AddysFitnessApp */;
			targetProxy = B9E3AE321E6E455100943A08 /* PBXContainerItemProxy */;
		};
		B9E3AE3E1E6E455100943A08 /* PBXTargetDependency */ = {
			isa = PBXTargetDependency;
			target = B9E3AE1C1E6E455100943A08 /* AddysFitnessApp */;
			targetProxy = B9E3AE3D1E6E455100943A08 /* PBXContainerItemProxy */;
		};
/* End PBXTargetDependency section */

/* Begin XCBuildConfiguration section */
		B9E3AE431E6E455100943A08 /* Debug */ = {
			isa = XCBuildConfiguration;
			buildSettings = {
				ALWAYS_SEARCH_USER_PATHS = NO;
				CLANG_ANALYZER_NONNULL = YES;
				CLANG_CXX_LANGUAGE_STANDARD = "gnu++0x";
				CLANG_CXX_LIBRARY = "libc++";
				CLANG_ENABLE_MODULES = YES;
				CLANG_ENABLE_OBJC_ARC = YES;
				CLANG_WARN_BOOL_CONVERSION = YES;
				CLANG_WARN_CONSTANT_CONVERSION = YES;
				CLANG_WARN_DIRECT_OBJC_ISA_USAGE = YES_ERROR;
				CLANG_WARN_DOCUMENTATION_COMMENTS = YES;
				CLANG_WARN_EMPTY_BODY = YES;
				CLANG_WARN_ENUM_CONVERSION = YES;
				CLANG_WARN_INFINITE_RECURSION = YES;
				CLANG_WARN_INT_CONVERSION = YES;
				CLANG_WARN_OBJC_ROOT_CLASS = YES_ERROR;
				CLANG_WARN_SUSPICIOUS_MOVE = YES;
				CLANG_WARN_UNREACHABLE_CODE = YES;
				CLANG_WARN__DUPLICATE_METHOD_MATCH = YES;
				"CODE_SIGN_IDENTITY[sdk=iphoneos*]" = "iPhone Developer";
				COPY_PHASE_STRIP = NO;
				DEBUG_INFORMATION_FORMAT = dwarf;
				ENABLE_STRICT_OBJC_MSGSEND = YES;
				ENABLE_TESTABILITY = YES;
				GCC_C_LANGUAGE_STANDARD = gnu99;
				GCC_DYNAMIC_NO_PIC = NO;
				GCC_NO_COMMON_BLOCKS = YES;
				GCC_OPTIMIZATION_LEVEL = 0;
				GCC_PREPROCESSOR_DEFINITIONS = (
					"DEBUG=1",
					"$(inherited)",
				);
				GCC_WARN_64_TO_32_BIT_CONVERSION = YES;
				GCC_WARN_ABOUT_RETURN_TYPE = YES_ERROR;
				GCC_WARN_UNDECLARED_SELECTOR = YES;
				GCC_WARN_UNINITIALIZED_AUTOS = YES_AGGRESSIVE;
				GCC_WARN_UNUSED_FUNCTION = YES;
				GCC_WARN_UNUSED_VARIABLE = YES;
				IPHONEOS_DEPLOYMENT_TARGET = 10.2;
				MTL_ENABLE_DEBUG_INFO = YES;
				ONLY_ACTIVE_ARCH = YES;
				SDKROOT = iphoneos;
				SWIFT_ACTIVE_COMPILATION_CONDITIONS = DEBUG;
				SWIFT_OPTIMIZATION_LEVEL = "-Onone";
				TARGETED_DEVICE_FAMILY = "1,2";
			};
			name = Debug;
		};
		B9E3AE441E6E455100943A08 /* Release */ = {
			isa = XCBuildConfiguration;
			buildSettings = {
				ALWAYS_SEARCH_USER_PATHS = NO;
				CLANG_ANALYZER_NONNULL = YES;
				CLANG_CXX_LANGUAGE_STANDARD = "gnu++0x";
				CLANG_CXX_LIBRARY = "libc++";
				CLANG_ENABLE_MODULES = YES;
				CLANG_ENABLE_OBJC_ARC = YES;
				CLANG_WARN_BOOL_CONVERSION = YES;
				CLANG_WARN_CONSTANT_CONVERSION = YES;
				CLANG_WARN_DIRECT_OBJC_ISA_USAGE = YES_ERROR;
				CLANG_WARN_DOCUMENTATION_COMMENTS = YES;
				CLANG_WARN_EMPTY_BODY = YES;
				CLANG_WARN_ENUM_CONVERSION = YES;
				CLANG_WARN_INFINITE_RECURSION = YES;
				CLANG_WARN_INT_CONVERSION = YES;
				CLANG_WARN_OBJC_ROOT_CLASS = YES_ERROR;
				CLANG_WARN_SUSPICIOUS_MOVE = YES;
				CLANG_WARN_UNREACHABLE_CODE = YES;
				CLANG_WARN__DUPLICATE_METHOD_MATCH = YES;
				"CODE_SIGN_IDENTITY[sdk=iphoneos*]" = "iPhone Developer";
				COPY_PHASE_STRIP = NO;
				DEBUG_INFORMATION_FORMAT = "dwarf-with-dsym";
				ENABLE_NS_ASSERTIONS = NO;
				ENABLE_STRICT_OBJC_MSGSEND = YES;
				GCC_C_LANGUAGE_STANDARD = gnu99;
				GCC_NO_COMMON_BLOCKS = YES;
				GCC_WARN_64_TO_32_BIT_CONVERSION = YES;
				GCC_WARN_ABOUT_RETURN_TYPE = YES_ERROR;
				GCC_WARN_UNDECLARED_SELECTOR = YES;
				GCC_WARN_UNINITIALIZED_AUTOS = YES_AGGRESSIVE;
				GCC_WARN_UNUSED_FUNCTION = YES;
				GCC_WARN_UNUSED_VARIABLE = YES;
				IPHONEOS_DEPLOYMENT_TARGET = 10.2;
				MTL_ENABLE_DEBUG_INFO = NO;
				SDKROOT = iphoneos;
				SWIFT_OPTIMIZATION_LEVEL = "-Owholemodule";
				TARGETED_DEVICE_FAMILY = "1,2";
				VALIDATE_PRODUCT = YES;
			};
			name = Release;
		};
		B9E3AE461E6E455100943A08 /* Debug */ = {
			isa = XCBuildConfiguration;
			buildSettings = {
				ASSETCATALOG_COMPILER_APPICON_NAME = AppIcon;
				FRAMEWORK_SEARCH_PATHS = (
					"$(inherited)",
					"$(PROJECT_DIR)/AddysFitnessApp/Sdk/Aws",
					"$(PROJECT_DIR)/AddysFitnessApp/Sdk/Aws/extras",
					"$(PROJECT_DIR)/AddysFitnessApp/AmazonAws",
				);
				INFOPLIST_FILE = AddysFitnessApp/Info.plist;
				LD_RUNPATH_SEARCH_PATHS = "$(inherited) @executable_path/Frameworks";
				PRODUCT_BUNDLE_IDENTIFIER = com.tharia.AddysFitnessApp;
				PRODUCT_NAME = "$(TARGET_NAME)";
				SWIFT_VERSION = 3.0;
			};
			name = Debug;
		};
		B9E3AE471E6E455100943A08 /* Release */ = {
			isa = XCBuildConfiguration;
			buildSettings = {
				ASSETCATALOG_COMPILER_APPICON_NAME = AppIcon;
				FRAMEWORK_SEARCH_PATHS = (
					"$(inherited)",
					"$(PROJECT_DIR)/AddysFitnessApp/Sdk/Aws",
					"$(PROJECT_DIR)/AddysFitnessApp/Sdk/Aws/extras",
					"$(PROJECT_DIR)/AddysFitnessApp/AmazonAws",
				);
				INFOPLIST_FILE = AddysFitnessApp/Info.plist;
				LD_RUNPATH_SEARCH_PATHS = "$(inherited) @executable_path/Frameworks";
				PRODUCT_BUNDLE_IDENTIFIER = com.tharia.AddysFitnessApp;
				PRODUCT_NAME = "$(TARGET_NAME)";
				SWIFT_VERSION = 3.0;
			};
			name = Release;
		};
		B9E3AE491E6E455100943A08 /* Debug */ = {
			isa = XCBuildConfiguration;
			buildSettings = {
				ALWAYS_EMBED_SWIFT_STANDARD_LIBRARIES = YES;
				BUNDLE_LOADER = "$(TEST_HOST)";
				INFOPLIST_FILE = AddysFitnessAppTests/Info.plist;
				LD_RUNPATH_SEARCH_PATHS = "$(inherited) @executable_path/Frameworks @loader_path/Frameworks";
				PRODUCT_BUNDLE_IDENTIFIER = com.tharia.AddysFitnessAppTests;
				PRODUCT_NAME = "$(TARGET_NAME)";
				SWIFT_VERSION = 3.0;
				TEST_HOST = "$(BUILT_PRODUCTS_DIR)/AddysFitnessApp.app/AddysFitnessApp";
			};
			name = Debug;
		};
		B9E3AE4A1E6E455100943A08 /* Release */ = {
			isa = XCBuildConfiguration;
			buildSettings = {
				ALWAYS_EMBED_SWIFT_STANDARD_LIBRARIES = YES;
				BUNDLE_LOADER = "$(TEST_HOST)";
				INFOPLIST_FILE = AddysFitnessAppTests/Info.plist;
				LD_RUNPATH_SEARCH_PATHS = "$(inherited) @executable_path/Frameworks @loader_path/Frameworks";
				PRODUCT_BUNDLE_IDENTIFIER = com.tharia.AddysFitnessAppTests;
				PRODUCT_NAME = "$(TARGET_NAME)";
				SWIFT_VERSION = 3.0;
				TEST_HOST = "$(BUILT_PRODUCTS_DIR)/AddysFitnessApp.app/AddysFitnessApp";
			};
			name = Release;
		};
		B9E3AE4C1E6E455100943A08 /* Debug */ = {
			isa = XCBuildConfiguration;
			buildSettings = {
				ALWAYS_EMBED_SWIFT_STANDARD_LIBRARIES = YES;
				INFOPLIST_FILE = AddysFitnessAppUITests/Info.plist;
				LD_RUNPATH_SEARCH_PATHS = "$(inherited) @executable_path/Frameworks @loader_path/Frameworks";
				PRODUCT_BUNDLE_IDENTIFIER = com.tharia.AddysFitnessAppUITests;
				PRODUCT_NAME = "$(TARGET_NAME)";
				SWIFT_VERSION = 3.0;
				TEST_TARGET_NAME = AddysFitnessApp;
			};
			name = Debug;
		};
		B9E3AE4D1E6E455100943A08 /* Release */ = {
			isa = XCBuildConfiguration;
			buildSettings = {
				ALWAYS_EMBED_SWIFT_STANDARD_LIBRARIES = YES;
				INFOPLIST_FILE = AddysFitnessAppUITests/Info.plist;
				LD_RUNPATH_SEARCH_PATHS = "$(inherited) @executable_path/Frameworks @loader_path/Frameworks";
				PRODUCT_BUNDLE_IDENTIFIER = com.tharia.AddysFitnessAppUITests;
				PRODUCT_NAME = "$(TARGET_NAME)";
				SWIFT_VERSION = 3.0;
				TEST_TARGET_NAME = AddysFitnessApp;
			};
			name = Release;
		};
/* End XCBuildConfiguration section */

/* Begin XCConfigurationList section */
		B9E3AE181E6E455000943A08 /* Build configuration list for PBXProject "AddysFitnessApp" */ = {
			isa = XCConfigurationList;
			buildConfigurations = (
				B9E3AE431E6E455100943A08 /* Debug */,
				B9E3AE441E6E455100943A08 /* Release */,
			);
			defaultConfigurationIsVisible = 0;
			defaultConfigurationName = Release;
		};
		B9E3AE451E6E455100943A08 /* Build configuration list for PBXNativeTarget "AddysFitnessApp" */ = {
			isa = XCConfigurationList;
			buildConfigurations = (
				B9E3AE461E6E455100943A08 /* Debug */,
				B9E3AE471E6E455100943A08 /* Release */,
			);
			defaultConfigurationIsVisible = 0;
			defaultConfigurationName = Release;
		};
		B9E3AE481E6E455100943A08 /* Build configuration list for PBXNativeTarget "AddysFitnessAppTests" */ = {
			isa = XCConfigurationList;
			buildConfigurations = (
				B9E3AE491E6E455100943A08 /* Debug */,
				B9E3AE4A1E6E455100943A08 /* Release */,
			);
			defaultConfigurationIsVisible = 0;
			defaultConfigurationName = Release;
		};
		B9E3AE4B1E6E455100943A08 /* Build configuration list for PBXNativeTarget "AddysFitnessAppUITests" */ = {
			isa = XCConfigurationList;
			buildConfigurations = (
				B9E3AE4C1E6E455100943A08 /* Debug */,
				B9E3AE4D1E6E455100943A08 /* Release */,
			);
			defaultConfigurationIsVisible = 0;
			defaultConfigurationName = Release;
		};
/* End XCConfigurationList section */
	};
	rootObject = B9E3AE151E6E455000943A08 /* Project object */;
}
